{
  "name": "elegs99.github.io",
  "lockfileVersion": 3,
  "requires": true,
  "packages": {
    "": {
      "dependencies": {
        "grab-n-drag-infinite-carousel": "^1.0.1"
      }
    },
    "node_modules/grab-n-drag-infinite-carousel": {
      "version": "1.0.1",
      "resolved": "https://registry.npmjs.org/grab-n-drag-infinite-carousel/-/grab-n-drag-infinite-carousel-1.0.1.tgz",
      "integrity": "sha512-M//QwU4b56MBU2FO0MPJO5zhf3S/LqQHeeinLXJDQxqlppqCK6rnsV7bYUDFXoSZPtzoc96wTBsPCryLGQRH+w==",
      "license": "CC0-1.0"
    }
  }
}
